Microsoft Visual Studio Solution File, Format Version 12.00
# Visual Studio 14
VisualStudioVersion = 14.0.25420.1
MinimumVisualStudioVersion = 10.0.40219.1
Project("{F184B08F-C81C-45F6-A57F-5ABD9991F28F}") = "Menu", "Menu.vbproj", "{19A00901-6615-4FC8-BB1E-6A0D92677563}"
	ProjectSection(ProjectDependencies) = postProject
		{5918AC10-C0F9-4616-97A2-0EF266586C93} = {5918AC10-C0F9-4616-97A2-0EF266586C93}
		{DCAE9213-8C2C-4B8A-A5F1-E8558789BFFD} = {DCAE9213-8C2C-4B8A-A5F1-E8558789BFFD}
		{5279ED25-3162-4309-BB81-B8D1BBFD1BDF} = {5279ED25-3162-4309-BB81-B8D1BBFD1BDF}
		{7A83F13A-9017-468F-8178-770440B6382E} = {7A83F13A-9017-468F-8178-770440B6382E}
		{9DB6DD47-1BF0-4A91-A39D-47B0A06480B6} = {9DB6DD47-1BF0-4A91-A39D-47B0A06480B6}
		{F3B9EC4D-2E42-4E36-AC22-E5E83FD0EFE6} = {F3B9EC4D-2E42-4E36-AC22-E5E83FD0EFE6}
		{7707E04E-9E04-4376-A0E4-38B85D94E12D} = {7707E04E-9E04-4376-A0E4-38B85D94E12D}
		{7A38C15D-3297-4002-BC11-1C6EF30F6E82} = {7A38C15D-3297-4002-BC11-1C6EF30F6E82}
		{6204F97F-1DDC-477C-BC8B-19CC8F43A66F} = {6204F97F-1DDC-477C-BC8B-19CC8F43A66F}
		{FFB29282-A312-4F40-B28D-CFB9CA74D57A} = {FFB29282-A312-4F40-B28D-CFB9CA74D57A}
		{7D636683-0C5F-4341-8D32-7CA6E3E5008B} = {7D636683-0C5F-4341-8D32-7CA6E3E5008B}
		{E8E915A4-1919-4785-B55B-0E26718AE6A9} = {E8E915A4-1919-4785-B55B-0E26718AE6A9}
		{37E4D6AE-6FD6-4A23-B34C-10E2BFA35D0B} = {37E4D6AE-6FD6-4A23-B34C-10E2BFA35D0B}
		{067ADFB2-58A2-4F00-8A23-F1F1CF800573} = {067ADFB2-58A2-4F00-8A23-F1F1CF800573}
		{52177DB6-E4F9-4ED2-A467-D6BC6C2F4875} = {52177DB6-E4F9-4ED2-A467-D6BC6C2F4875}
		{E01E70BA-5AE8-4C81-8151-2C52C6A1318C} = {E01E70BA-5AE8-4C81-8151-2C52C6A1318C}
		{9E539DC1-50AC-4BCA-B89F-8A85ABA3416F} = {9E539DC1-50AC-4BCA-B89F-8A85ABA3416F}
		{AB796CCA-69F4-45A7-8772-D4843C383F6E} = {AB796CCA-69F4-45A7-8772-D4843C383F6E}
		{C51D47CE-73ED-4100-AAE9-636B9C3CFCAC} = {C51D47CE-73ED-4100-AAE9-636B9C3CFCAC}
		{6CE853D8-0D5F-40CD-80BA-B0E8E1E5606D} = {6CE853D8-0D5F-40CD-80BA-B0E8E1E5606D}
		{F9432DDC-E786-44E2-BE57-2EFEF31D6E60} = {F9432DDC-E786-44E2-BE57-2EFEF31D6E60}
		{9DD9E1DE-6C28-4968-95E8-6190EF762F17} = {9DD9E1DE-6C28-4968-95E8-6190EF762F17}
		{5CFFDEDF-4A14-41F3-8FC2-CAF17E55ABD4} = {5CFFDEDF-4A14-41F3-8FC2-CAF17E55ABD4}
		{954E4EE8-C346-4EA3-A808-74E8252AA17B} = {954E4EE8-C346-4EA3-A808-74E8252AA17B}
		{500A8FE9-148F-424C-8F75-7D3742A2BFDC} = {500A8FE9-148F-424C-8F75-7D3742A2BFDC}
		{926324F1-4A3C-43AB-BF78-57EC5A02DBF7} = {926324F1-4A3C-43AB-BF78-57EC5A02DBF7}
		{4B921DF3-0E3F-4E40-9666-ACC2558EEA01} = {4B921DF3-0E3F-4E40-9666-ACC2558EEA01}
		{466169F5-4D09-4AD4-8D4B-C3EB4DB64623} = {466169F5-4D09-4AD4-8D4B-C3EB4DB64623}
	EndProjectSection
EndProject
Project("{F184B08F-C81C-45F6-A57F-5ABD9991F28F}") = "Axapta", "Axapta\Axapta\Axapta\Axapta.vbproj", "{FFB29282-A312-4F40-B28D-CFB9CA74D57A}"
	ProjectSection(ProjectDependencies) = postProject
		{7D636683-0C5F-4341-8D32-7CA6E3E5008B} = {7D636683-0C5F-4341-8D32-7CA6E3E5008B}
		{9E539DC1-50AC-4BCA-B89F-8A85ABA3416F} = {9E539DC1-50AC-4BCA-B89F-8A85ABA3416F}
		{F9432DDC-E786-44E2-BE57-2EFEF31D6E60} = {F9432DDC-E786-44E2-BE57-2EFEF31D6E60}
	EndProjectSection
EndProject
Project("{F184B08F-C81C-45F6-A57F-5ABD9991F28F}") = "AxaptaAlmacen", "AxaptaAlmacen\AxaptaAlmacen.vbproj", "{7A83F13A-9017-468F-8178-770440B6382E}"
	ProjectSection(ProjectDependencies) = postProject
		{9E539DC1-50AC-4BCA-B89F-8A85ABA3416F} = {9E539DC1-50AC-4BCA-B89F-8A85ABA3416F}
	EndProjectSection
EndProject
Project("{F184B08F-C81C-45F6-A57F-5ABD9991F28F}") = "C_DATOS", "C_DATOS\C_DATOS\C_DATOS.vbproj", "{9E539DC1-50AC-4BCA-B89F-8A85ABA3416F}"
EndProject
Project("{F184B08F-C81C-45F6-A57F-5ABD9991F28F}") = "ContanetNewHotel", "ContanetNewHotel\ContanetNewHotel.vbproj", "{7A38C15D-3297-4002-BC11-1C6EF30F6E82}"
	ProjectSection(ProjectDependencies) = postProject
		{9E539DC1-50AC-4BCA-B89F-8A85ABA3416F} = {9E539DC1-50AC-4BCA-B89F-8A85ABA3416F}
		{F9432DDC-E786-44E2-BE57-2EFEF31D6E60} = {F9432DDC-E786-44E2-BE57-2EFEF31D6E60}
	EndProjectSection
EndProject
Project("{F184B08F-C81C-45F6-A57F-5ABD9991F28F}") = "ContanetNewStock", "ContanetNewStock\ContanetNewStock.vbproj", "{9DB6DD47-1BF0-4A91-A39D-47B0A06480B6}"
	ProjectSection(ProjectDependencies) = postProject
		{9E539DC1-50AC-4BCA-B89F-8A85ABA3416F} = {9E539DC1-50AC-4BCA-B89F-8A85ABA3416F}
	EndProjectSection
EndProject
Project("{F184B08F-C81C-45F6-A57F-5ABD9991F28F}") = "Ereza", "Ereza\Ereza.vbproj", "{E8E915A4-1919-4785-B55B-0E26718AE6A9}"
	ProjectSection(ProjectDependencies) = postProject
		{9E539DC1-50AC-4BCA-B89F-8A85ABA3416F} = {9E539DC1-50AC-4BCA-B89F-8A85ABA3416F}
	EndProjectSection
EndProject
Project("{F184B08F-C81C-45F6-A57F-5ABD9991F28F}") = "HC7", "HC7\HC7.vbproj", "{6204F97F-1DDC-477C-BC8B-19CC8F43A66F}"
	ProjectSection(ProjectDependencies) = postProject
		{9E539DC1-50AC-4BCA-B89F-8A85ABA3416F} = {9E539DC1-50AC-4BCA-B89F-8A85ABA3416F}
	EndProjectSection
EndProject
Project("{F184B08F-C81C-45F6-A57F-5ABD9991F28F}") = "Hlopez2", "Hlopez2\Hlopez2.vbproj", "{954E4EE8-C346-4EA3-A808-74E8252AA17B}"
	ProjectSection(ProjectDependencies) = postProject
		{9E539DC1-50AC-4BCA-B89F-8A85ABA3416F} = {9E539DC1-50AC-4BCA-B89F-8A85ABA3416F}
		{F9432DDC-E786-44E2-BE57-2EFEF31D6E60} = {F9432DDC-E786-44E2-BE57-2EFEF31D6E60}
	EndProjectSection
EndProject
Project("{F184B08F-C81C-45F6-A57F-5ABD9991F28F}") = "Hoteles Dunas2", "Hoteles Dunas2\Hoteles Dunas2.vbproj", "{37E4D6AE-6FD6-4A23-B34C-10E2BFA35D0B}"
	ProjectSection(ProjectDependencies) = postProject
		{7D636683-0C5F-4341-8D32-7CA6E3E5008B} = {7D636683-0C5F-4341-8D32-7CA6E3E5008B}
		{9E539DC1-50AC-4BCA-B89F-8A85ABA3416F} = {9E539DC1-50AC-4BCA-B89F-8A85ABA3416F}
		{F9432DDC-E786-44E2-BE57-2EFEF31D6E60} = {F9432DDC-E786-44E2-BE57-2EFEF31D6E60}
	EndProjectSection
EndProject
Project("{F184B08F-C81C-45F6-A57F-5ABD9991F28F}") = "HTitoNewHotel", "HTitoNewHotel\HTitoNewHotel.vbproj", "{7707E04E-9E04-4376-A0E4-38B85D94E12D}"
	ProjectSection(ProjectDependencies) = postProject
		{9E539DC1-50AC-4BCA-B89F-8A85ABA3416F} = {9E539DC1-50AC-4BCA-B89F-8A85ABA3416F}
		{F9432DDC-E786-44E2-BE57-2EFEF31D6E60} = {F9432DDC-E786-44E2-BE57-2EFEF31D6E60}
	EndProjectSection
EndProject
Project("{F184B08F-C81C-45F6-A57F-5ABD9991F28F}") = "HTitoNewHotelEnviar", "HTitoNewHotelEnviar\HTitoNewHotelEnviar.vbproj", "{067ADFB2-58A2-4F00-8A23-F1F1CF800573}"
	ProjectSection(ProjectDependencies) = postProject
		{9E539DC1-50AC-4BCA-B89F-8A85ABA3416F} = {9E539DC1-50AC-4BCA-B89F-8A85ABA3416F}
	EndProjectSection
EndProject
Project("{F184B08F-C81C-45F6-A57F-5ABD9991F28F}") = "Integra NewStock HLopez", "Integra NewStock HLopez\Integra NewStock HLopez.vbproj", "{E01E70BA-5AE8-4C81-8151-2C52C6A1318C}"
	ProjectSection(ProjectDependencies) = postProject
		{9E539DC1-50AC-4BCA-B89F-8A85ABA3416F} = {9E539DC1-50AC-4BCA-B89F-8A85ABA3416F}
		{AB796CCA-69F4-45A7-8772-D4843C383F6E} = {AB796CCA-69F4-45A7-8772-D4843C383F6E}
	EndProjectSection
EndProject
Project("{F184B08F-C81C-45F6-A57F-5ABD9991F28F}") = "IntegraAlmacen", "INTEGRACION ALMACEN\IntegraAlmacen\IntegraAlmacen.vbproj", "{4B921DF3-0E3F-4E40-9666-ACC2558EEA01}"
	ProjectSection(ProjectDependencies) = postProject
		{9E539DC1-50AC-4BCA-B89F-8A85ABA3416F} = {9E539DC1-50AC-4BCA-B89F-8A85ABA3416F}
	EndProjectSection
EndProject
Project("{F184B08F-C81C-45F6-A57F-5ABD9991F28F}") = "Integracion", "INTEGRACION\Integracion\Integracion.vbproj", "{52177DB6-E4F9-4ED2-A467-D6BC6C2F4875}"
	ProjectSection(ProjectDependencies) = postProject
		{9E539DC1-50AC-4BCA-B89F-8A85ABA3416F} = {9E539DC1-50AC-4BCA-B89F-8A85ABA3416F}
		{F9432DDC-E786-44E2-BE57-2EFEF31D6E60} = {F9432DDC-E786-44E2-BE57-2EFEF31D6E60}
	EndProjectSection
EndProject
Project("{F184B08F-C81C-45F6-A57F-5ABD9991F28F}") = "Integracion NewConta", "INTEGRACION NEWCONTA\Integracion NewConta\Integracion NewConta.vbproj", "{C51D47CE-73ED-4100-AAE9-636B9C3CFCAC}"
	ProjectSection(ProjectDependencies) = postProject
		{9E539DC1-50AC-4BCA-B89F-8A85ABA3416F} = {9E539DC1-50AC-4BCA-B89F-8A85ABA3416F}
	EndProjectSection
EndProject
Project("{F184B08F-C81C-45F6-A57F-5ABD9991F28F}") = "Integracion NewConta Dunas", "Integracion NewConta Dunas\Integracion NewConta Dunas.vbproj", "{9DD9E1DE-6C28-4968-95E8-6190EF762F17}"
	ProjectSection(ProjectDependencies) = postProject
		{9E539DC1-50AC-4BCA-B89F-8A85ABA3416F} = {9E539DC1-50AC-4BCA-B89F-8A85ABA3416F}
	EndProjectSection
EndProject
Project("{F184B08F-C81C-45F6-A57F-5ABD9991F28F}") = "Integracion NewPaga", "INTEGRACION NEWPAGA\Integracion NewPaga\Integracion NewPaga.vbproj", "{DCAE9213-8C2C-4B8A-A5F1-E8558789BFFD}"
	ProjectSection(ProjectDependencies) = postProject
		{9E539DC1-50AC-4BCA-B89F-8A85ABA3416F} = {9E539DC1-50AC-4BCA-B89F-8A85ABA3416F}
	EndProjectSection
EndProject
Project("{F184B08F-C81C-45F6-A57F-5ABD9991F28F}") = "NewHotel", "NewHotel\NewHotel.vbproj", "{F9432DDC-E786-44E2-BE57-2EFEF31D6E60}"
	ProjectSection(ProjectDependencies) = postProject
		{9E539DC1-50AC-4BCA-B89F-8A85ABA3416F} = {9E539DC1-50AC-4BCA-B89F-8A85ABA3416F}
	EndProjectSection
EndProject
Project("{F184B08F-C81C-45F6-A57F-5ABD9991F28F}") = "NewGolf", "NewGolf\NewGolf.vbproj", "{7D636683-0C5F-4341-8D32-7CA6E3E5008B}"
	ProjectSection(ProjectDependencies) = postProject
		{9E539DC1-50AC-4BCA-B89F-8A85ABA3416F} = {9E539DC1-50AC-4BCA-B89F-8A85ABA3416F}
	EndProjectSection
EndProject
Project("{F184B08F-C81C-45F6-A57F-5ABD9991F28F}") = "NomiA3", "NOMINA A3\NomiA3\NomiA3.vbproj", "{5279ED25-3162-4309-BB81-B8D1BBFD1BDF}"
	ProjectSection(ProjectDependencies) = postProject
		{9E539DC1-50AC-4BCA-B89F-8A85ABA3416F} = {9E539DC1-50AC-4BCA-B89F-8A85ABA3416F}
	EndProjectSection
EndProject
Project("{F184B08F-C81C-45F6-A57F-5ABD9991F28F}") = "Ptropical", "Ptropical\Ptropical.vbproj", "{500A8FE9-148F-424C-8F75-7D3742A2BFDC}"
	ProjectSection(ProjectDependencies) = postProject
		{7D636683-0C5F-4341-8D32-7CA6E3E5008B} = {7D636683-0C5F-4341-8D32-7CA6E3E5008B}
		{9E539DC1-50AC-4BCA-B89F-8A85ABA3416F} = {9E539DC1-50AC-4BCA-B89F-8A85ABA3416F}
		{F9432DDC-E786-44E2-BE57-2EFEF31D6E60} = {F9432DDC-E786-44E2-BE57-2EFEF31D6E60}
	EndProjectSection
EndProject
Project("{F184B08F-C81C-45F6-A57F-5ABD9991F28F}") = "Satocan", "Satocan\Satocan.vbproj", "{5918AC10-C0F9-4616-97A2-0EF266586C93}"
	ProjectSection(ProjectDependencies) = postProject
		{7D636683-0C5F-4341-8D32-7CA6E3E5008B} = {7D636683-0C5F-4341-8D32-7CA6E3E5008B}
		{9E539DC1-50AC-4BCA-B89F-8A85ABA3416F} = {9E539DC1-50AC-4BCA-B89F-8A85ABA3416F}
		{F9432DDC-E786-44E2-BE57-2EFEF31D6E60} = {F9432DDC-E786-44E2-BE57-2EFEF31D6E60}
	EndProjectSection
EndProject
Project("{F184B08F-C81C-45F6-A57F-5ABD9991F28F}") = "SPYRO", "SPYRO\SPYRO.vbproj", "{AB796CCA-69F4-45A7-8772-D4843C383F6E}"
	ProjectSection(ProjectDependencies) = postProject
		{9E539DC1-50AC-4BCA-B89F-8A85ABA3416F} = {9E539DC1-50AC-4BCA-B89F-8A85ABA3416F}
	EndProjectSection
EndProject
Project("{F184B08F-C81C-45F6-A57F-5ABD9991F28F}") = "Tahona", "Tahona\Tahona.vbproj", "{5CFFDEDF-4A14-41F3-8FC2-CAF17E55ABD4}"
	ProjectSection(ProjectDependencies) = postProject
		{7D636683-0C5F-4341-8D32-7CA6E3E5008B} = {7D636683-0C5F-4341-8D32-7CA6E3E5008B}
		{9E539DC1-50AC-4BCA-B89F-8A85ABA3416F} = {9E539DC1-50AC-4BCA-B89F-8A85ABA3416F}
		{F9432DDC-E786-44E2-BE57-2EFEF31D6E60} = {F9432DDC-E786-44E2-BE57-2EFEF31D6E60}
	EndProjectSection
EndProject
Project("{F184B08F-C81C-45F6-A57F-5ABD9991F28F}") = "VitalNewHotel", "VitalNewHotel\VitalNewHotel.vbproj", "{466169F5-4D09-4AD4-8D4B-C3EB4DB64623}"
	ProjectSection(ProjectDependencies) = postProject
		{9E539DC1-50AC-4BCA-B89F-8A85ABA3416F} = {9E539DC1-50AC-4BCA-B89F-8A85ABA3416F}
		{F9432DDC-E786-44E2-BE57-2EFEF31D6E60} = {F9432DDC-E786-44E2-BE57-2EFEF31D6E60}
	EndProjectSection
EndProject
Project("{F184B08F-C81C-45F6-A57F-5ABD9991F28F}") = "WindowsServiceMorasol", "WindowsServiceMorasol\WindowsServiceMorasol.vbproj", "{926324F1-4A3C-43AB-BF78-57EC5A02DBF7}"
	ProjectSection(ProjectDependencies) = postProject
		{067ADFB2-58A2-4F00-8A23-F1F1CF800573} = {067ADFB2-58A2-4F00-8A23-F1F1CF800573}
		{9E539DC1-50AC-4BCA-B89F-8A85ABA3416F} = {9E539DC1-50AC-4BCA-B89F-8A85ABA3416F}
	EndProjectSection
EndProject
Project("{F184B08F-C81C-45F6-A57F-5ABD9991F28F}") = "ContanetNewConta", "ContanetNewConta\ContanetNewConta\ContanetNewConta.vbproj", "{6CE853D8-0D5F-40CD-80BA-B0E8E1E5606D}"
	ProjectSection(ProjectDependencies) = postProject
		{9E539DC1-50AC-4BCA-B89F-8A85ABA3416F} = {9E539DC1-50AC-4BCA-B89F-8A85ABA3416F}
	EndProjectSection
EndProject
Project("{F184B08F-C81C-45F6-A57F-5ABD9991F28F}") = "HTitoNewStock", "HtitoNewStock\HTitoNewStock.vbproj", "{F3B9EC4D-2E42-4E36-AC22-E5E83FD0EFE6}"
EndProject
Global
	GlobalSection(SolutionConfigurationPlatforms) = preSolution
		Debug|Any CPU = Debug|Any CPU
		Debug|x86 = Debug|x86
		Release|Any CPU = Release|Any CPU
		Release|x86 = Release|x86
	EndGlobalSection
	GlobalSection(ProjectConfigurationPlatforms) = postSolution
		{19A00901-6615-4FC8-BB1E-6A0D92677563}.Debug|Any CPU.ActiveCfg = Debug|Any CPU
		{19A00901-6615-4FC8-BB1E-6A0D92677563}.Debug|Any CPU.Build.0 = Debug|Any CPU
		{19A00901-6615-4FC8-BB1E-6A0D92677563}.Debug|x86.ActiveCfg = Debug|x86
		{19A00901-6615-4FC8-BB1E-6A0D92677563}.Debug|x86.Build.0 = Debug|x86
		{19A00901-6615-4FC8-BB1E-6A0D92677563}.Release|Any CPU.ActiveCfg = Release|Any CPU
		{19A00901-6615-4FC8-BB1E-6A0D92677563}.Release|Any CPU.Build.0 = Release|Any CPU
		{19A00901-6615-4FC8-BB1E-6A0D92677563}.Release|x86.ActiveCfg = Release|x86
		{19A00901-6615-4FC8-BB1E-6A0D92677563}.Release|x86.Build.0 = Release|x86
		{FFB29282-A312-4F40-B28D-CFB9CA74D57A}.Debug|Any CPU.ActiveCfg = Debug|Any CPU
		{FFB29282-A312-4F40-B28D-CFB9CA74D57A}.Debug|Any CPU.Build.0 = Debug|Any CPU
		{FFB29282-A312-4F40-B28D-CFB9CA74D57A}.Debug|x86.ActiveCfg = Debug|x86
		{FFB29282-A312-4F40-B28D-CFB9CA74D57A}.Debug|x86.Build.0 = Debug|x86
		{FFB29282-A312-4F40-B28D-CFB9CA74D57A}.Release|Any CPU.ActiveCfg = Release|Any CPU
		{FFB29282-A312-4F40-B28D-CFB9CA74D57A}.Release|Any CPU.Build.0 = Release|Any CPU
		{FFB29282-A312-4F40-B28D-CFB9CA74D57A}.Release|x86.ActiveCfg = Release|x86
		{FFB29282-A312-4F40-B28D-CFB9CA74D57A}.Release|x86.Build.0 = Release|x86
		{7A83F13A-9017-468F-8178-770440B6382E}.Debug|Any CPU.ActiveCfg = Debug|Any CPU
		{7A83F13A-9017-468F-8178-770440B6382E}.Debug|Any CPU.Build.0 = Debug|Any CPU
		{7A83F13A-9017-468F-8178-770440B6382E}.Debug|x86.ActiveCfg = Debug|x86
		{7A83F13A-9017-468F-8178-770440B6382E}.Debug|x86.Build.0 = Debug|x86
		{7A83F13A-9017-468F-8178-770440B6382E}.Release|Any CPU.ActiveCfg = Release|Any CPU
		{7A83F13A-9017-468F-8178-770440B6382E}.Release|Any CPU.Build.0 = Release|Any CPU
		{7A83F13A-9017-468F-8178-770440B6382E}.Release|x86.ActiveCfg = Release|x86
		{7A83F13A-9017-468F-8178-770440B6382E}.Release|x86.Build.0 = Release|x86
		{9E539DC1-50AC-4BCA-B89F-8A85ABA3416F}.Debug|Any CPU.ActiveCfg = Debug|Any CPU
		{9E539DC1-50AC-4BCA-B89F-8A85ABA3416F}.Debug|Any CPU.Build.0 = Debug|Any CPU
		{9E539DC1-50AC-4BCA-B89F-8A85ABA3416F}.Debug|x86.ActiveCfg = Debug|x86
		{9E539DC1-50AC-4BCA-B89F-8A85ABA3416F}.Debug|x86.Build.0 = Debug|x86
		{9E539DC1-50AC-4BCA-B89F-8A85ABA3416F}.Release|Any CPU.ActiveCfg = Release|Any CPU
		{9E539DC1-50AC-4BCA-B89F-8A85ABA3416F}.Release|Any CPU.Build.0 = Release|Any CPU
		{9E539DC1-50AC-4BCA-B89F-8A85ABA3416F}.Release|x86.ActiveCfg = Release|x86
		{9E539DC1-50AC-4BCA-B89F-8A85ABA3416F}.Release|x86.Build.0 = Release|x86
		{7A38C15D-3297-4002-BC11-1C6EF30F6E82}.Debug|Any CPU.ActiveCfg = Debug|Any CPU
		{7A38C15D-3297-4002-BC11-1C6EF30F6E82}.Debug|Any CPU.Build.0 = Debug|Any CPU
		{7A38C15D-3297-4002-BC11-1C6EF30F6E82}.Debug|x86.ActiveCfg = Debug|x86
		{7A38C15D-3297-4002-BC11-1C6EF30F6E82}.Debug|x86.Build.0 = Debug|x86
		{7A38C15D-3297-4002-BC11-1C6EF30F6E82}.Release|Any CPU.ActiveCfg = Release|Any CPU
		{7A38C15D-3297-4002-BC11-1C6EF30F6E82}.Release|Any CPU.Build.0 = Release|Any CPU
		{7A38C15D-3297-4002-BC11-1C6EF30F6E82}.Release|x86.ActiveCfg = Release|x86
		{7A38C15D-3297-4002-BC11-1C6EF30F6E82}.Release|x86.Build.0 = Release|x86
		{9DB6DD47-1BF0-4A91-A39D-47B0A06480B6}.Debug|Any CPU.ActiveCfg = Debug|Any CPU
		{9DB6DD47-1BF0-4A91-A39D-47B0A06480B6}.Debug|Any CPU.Build.0 = Debug|Any CPU
		{9DB6DD47-1BF0-4A91-A39D-47B0A06480B6}.Debug|x86.ActiveCfg = Debug|x86
		{9DB6DD47-1BF0-4A91-A39D-47B0A06480B6}.Debug|x86.Build.0 = Debug|x86
		{9DB6DD47-1BF0-4A91-A39D-47B0A06480B6}.Release|Any CPU.ActiveCfg = Release|Any CPU
		{9DB6DD47-1BF0-4A91-A39D-47B0A06480B6}.Release|Any CPU.Build.0 = Release|Any CPU
		{9DB6DD47-1BF0-4A91-A39D-47B0A06480B6}.Release|x86.ActiveCfg = Release|x86
		{9DB6DD47-1BF0-4A91-A39D-47B0A06480B6}.Release|x86.Build.0 = Release|x86
		{E8E915A4-1919-4785-B55B-0E26718AE6A9}.Debug|Any CPU.ActiveCfg = Debug|Any CPU
		{E8E915A4-1919-4785-B55B-0E26718AE6A9}.Debug|Any CPU.Build.0 = Debug|Any CPU
		{E8E915A4-1919-4785-B55B-0E26718AE6A9}.Debug|x86.ActiveCfg = Debug|x86
		{E8E915A4-1919-4785-B55B-0E26718AE6A9}.Debug|x86.Build.0 = Debug|x86
		{E8E915A4-1919-4785-B55B-0E26718AE6A9}.Release|Any CPU.ActiveCfg = Release|Any CPU
		{E8E915A4-1919-4785-B55B-0E26718AE6A9}.Release|Any CPU.Build.0 = Release|Any CPU
		{E8E915A4-1919-4785-B55B-0E26718AE6A9}.Release|x86.ActiveCfg = Release|x86
		{E8E915A4-1919-4785-B55B-0E26718AE6A9}.Release|x86.Build.0 = Release|x86
		{6204F97F-1DDC-477C-BC8B-19CC8F43A66F}.Debug|Any CPU.ActiveCfg = Debug|Any CPU
		{6204F97F-1DDC-477C-BC8B-19CC8F43A66F}.Debug|Any CPU.Build.0 = Debug|Any CPU
		{6204F97F-1DDC-477C-BC8B-19CC8F43A66F}.Debug|x86.ActiveCfg = Debug|x86
		{6204F97F-1DDC-477C-BC8B-19CC8F43A66F}.Debug|x86.Build.0 = Debug|x86
		{6204F97F-1DDC-477C-BC8B-19CC8F43A66F}.Release|Any CPU.ActiveCfg = Release|Any CPU
		{6204F97F-1DDC-477C-BC8B-19CC8F43A66F}.Release|Any CPU.Build.0 = Release|Any CPU
		{6204F97F-1DDC-477C-BC8B-19CC8F43A66F}.Release|x86.ActiveCfg = Release|x86
		{6204F97F-1DDC-477C-BC8B-19CC8F43A66F}.Release|x86.Build.0 = Release|x86
		{954E4EE8-C346-4EA3-A808-74E8252AA17B}.Debug|Any CPU.ActiveCfg = Debug|Any CPU
		{954E4EE8-C346-4EA3-A808-74E8252AA17B}.Debug|Any CPU.Build.0 = Debug|Any CPU
		{954E4EE8-C346-4EA3-A808-74E8252AA17B}.Debug|x86.ActiveCfg = Debug|x86
		{954E4EE8-C346-4EA3-A808-74E8252AA17B}.Debug|x86.Build.0 = Debug|x86
		{954E4EE8-C346-4EA3-A808-74E8252AA17B}.Release|Any CPU.ActiveCfg = Release|Any CPU
		{954E4EE8-C346-4EA3-A808-74E8252AA17B}.Release|Any CPU.Build.0 = Release|Any CPU
		{954E4EE8-C346-4EA3-A808-74E8252AA17B}.Release|x86.ActiveCfg = Release|x86
		{954E4EE8-C346-4EA3-A808-74E8252AA17B}.Release|x86.Build.0 = Release|x86
		{37E4D6AE-6FD6-4A23-B34C-10E2BFA35D0B}.Debug|Any CPU.ActiveCfg = Debug|Any CPU
		{37E4D6AE-6FD6-4A23-B34C-10E2BFA35D0B}.Debug|Any CPU.Build.0 = Debug|Any CPU
		{37E4D6AE-6FD6-4A23-B34C-10E2BFA35D0B}.Debug|x86.ActiveCfg = Debug|x86
		{37E4D6AE-6FD6-4A23-B34C-10E2BFA35D0B}.Debug|x86.Build.0 = Debug|x86
		{37E4D6AE-6FD6-4A23-B34C-10E2BFA35D0B}.Release|Any CPU.ActiveCfg = Release|Any CPU
		{37E4D6AE-6FD6-4A23-B34C-10E2BFA35D0B}.Release|Any CPU.Build.0 = Release|Any CPU
		{37E4D6AE-6FD6-4A23-B34C-10E2BFA35D0B}.Release|x86.ActiveCfg = Release|x86
		{37E4D6AE-6FD6-4A23-B34C-10E2BFA35D0B}.Release|x86.Build.0 = Release|x86
		{7707E04E-9E04-4376-A0E4-38B85D94E12D}.Debug|Any CPU.ActiveCfg = Debug|Any CPU
		{7707E04E-9E04-4376-A0E4-38B85D94E12D}.Debug|Any CPU.Build.0 = Debug|Any CPU
		{7707E04E-9E04-4376-A0E4-38B85D94E12D}.Debug|x86.ActiveCfg = Debug|x86
		{7707E04E-9E04-4376-A0E4-38B85D94E12D}.Debug|x86.Build.0 = Debug|x86
		{7707E04E-9E04-4376-A0E4-38B85D94E12D}.Release|Any CPU.ActiveCfg = Release|Any CPU
		{7707E04E-9E04-4376-A0E4-38B85D94E12D}.Release|Any CPU.Build.0 = Release|Any CPU
		{7707E04E-9E04-4376-A0E4-38B85D94E12D}.Release|x86.ActiveCfg = Release|x86
		{7707E04E-9E04-4376-A0E4-38B85D94E12D}.Release|x86.Build.0 = Release|x86
		{067ADFB2-58A2-4F00-8A23-F1F1CF800573}.Debug|Any CPU.ActiveCfg = Debug|Any CPU
		{067ADFB2-58A2-4F00-8A23-F1F1CF800573}.Debug|Any CPU.Build.0 = Debug|Any CPU
		{067ADFB2-58A2-4F00-8A23-F1F1CF800573}.Debug|x86.ActiveCfg = Debug|x86
		{067ADFB2-58A2-4F00-8A23-F1F1CF800573}.Debug|x86.Build.0 = Debug|x86
		{067ADFB2-58A2-4F00-8A23-F1F1CF800573}.Release|Any CPU.ActiveCfg = Release|Any CPU
		{067ADFB2-58A2-4F00-8A23-F1F1CF800573}.Release|Any CPU.Build.0 = Release|Any CPU
		{067ADFB2-58A2-4F00-8A23-F1F1CF800573}.Release|x86.ActiveCfg = Release|x86
		{067ADFB2-58A2-4F00-8A23-F1F1CF800573}.Release|x86.Build.0 = Release|x86
		{E01E70BA-5AE8-4C81-8151-2C52C6A1318C}.Debug|Any CPU.ActiveCfg = Debug|Any CPU
		{E01E70BA-5AE8-4C81-8151-2C52C6A1318C}.Debug|Any CPU.Build.0 = Debug|Any CPU
		{E01E70BA-5AE8-4C81-8151-2C52C6A1318C}.Debug|x86.ActiveCfg = Debug|x86
		{E01E70BA-5AE8-4C81-8151-2C52C6A1318C}.Debug|x86.Build.0 = Debug|x86
		{E01E70BA-5AE8-4C81-8151-2C52C6A1318C}.Release|Any CPU.ActiveCfg = Release|Any CPU
		{E01E70BA-5AE8-4C81-8151-2C52C6A1318C}.Release|Any CPU.Build.0 = Release|Any CPU
		{E01E70BA-5AE8-4C81-8151-2C52C6A1318C}.Release|x86.ActiveCfg = Release|x86
		{E01E70BA-5AE8-4C81-8151-2C52C6A1318C}.Release|x86.Build.0 = Release|x86
		{4B921DF3-0E3F-4E40-9666-ACC2558EEA01}.Debug|Any CPU.ActiveCfg = Debug|Any CPU
		{4B921DF3-0E3F-4E40-9666-ACC2558EEA01}.Debug|Any CPU.Build.0 = Debug|Any CPU
		{4B921DF3-0E3F-4E40-9666-ACC2558EEA01}.Debug|x86.ActiveCfg = Debug|x86
		{4B921DF3-0E3F-4E40-9666-ACC2558EEA01}.Debug|x86.Build.0 = Debug|x86
		{4B921DF3-0E3F-4E40-9666-ACC2558EEA01}.Release|Any CPU.ActiveCfg = Release|Any CPU
		{4B921DF3-0E3F-4E40-9666-ACC2558EEA01}.Release|Any CPU.Build.0 = Release|Any CPU
		{4B921DF3-0E3F-4E40-9666-ACC2558EEA01}.Release|x86.ActiveCfg = Release|x86
		{4B921DF3-0E3F-4E40-9666-ACC2558EEA01}.Release|x86.Build.0 = Release|x86
		{52177DB6-E4F9-4ED2-A467-D6BC6C2F4875}.Debug|Any CPU.ActiveCfg = Debug|Any CPU
		{52177DB6-E4F9-4ED2-A467-D6BC6C2F4875}.Debug|Any CPU.Build.0 = Debug|Any CPU
		{52177DB6-E4F9-4ED2-A467-D6BC6C2F4875}.Debug|x86.ActiveCfg = Debug|x86
		{52177DB6-E4F9-4ED2-A467-D6BC6C2F4875}.Debug|x86.Build.0 = Debug|x86
		{52177DB6-E4F9-4ED2-A467-D6BC6C2F4875}.Release|Any CPU.ActiveCfg = Release|Any CPU
		{52177DB6-E4F9-4ED2-A467-D6BC6C2F4875}.Release|Any CPU.Build.0 = Release|Any CPU
		{52177DB6-E4F9-4ED2-A467-D6BC6C2F4875}.Release|x86.ActiveCfg = Release|x86
		{52177DB6-E4F9-4ED2-A467-D6BC6C2F4875}.Release|x86.Build.0 = Release|x86
		{C51D47CE-73ED-4100-AAE9-636B9C3CFCAC}.Debug|Any CPU.ActiveCfg = Debug|Any CPU
		{C51D47CE-73ED-4100-AAE9-636B9C3CFCAC}.Debug|Any CPU.Build.0 = Debug|Any CPU
		{C51D47CE-73ED-4100-AAE9-636B9C3CFCAC}.Debug|x86.ActiveCfg = Debug|x86
		{C51D47CE-73ED-4100-AAE9-636B9C3CFCAC}.Debug|x86.Build.0 = Debug|x86
		{C51D47CE-73ED-4100-AAE9-636B9C3CFCAC}.Release|Any CPU.ActiveCfg = Release|Any CPU
		{C51D47CE-73ED-4100-AAE9-636B9C3CFCAC}.Release|Any CPU.Build.0 = Release|Any CPU
		{C51D47CE-73ED-4100-AAE9-636B9C3CFCAC}.Release|x86.ActiveCfg = Release|x86
		{C51D47CE-73ED-4100-AAE9-636B9C3CFCAC}.Release|x86.Build.0 = Release|x86
		{9DD9E1DE-6C28-4968-95E8-6190EF762F17}.Debug|Any CPU.ActiveCfg = Debug|Any CPU
		{9DD9E1DE-6C28-4968-95E8-6190EF762F17}.Debug|Any CPU.Build.0 = Debug|Any CPU
		{9DD9E1DE-6C28-4968-95E8-6190EF762F17}.Debug|x86.ActiveCfg = Debug|x86
		{9DD9E1DE-6C28-4968-95E8-6190EF762F17}.Debug|x86.Build.0 = Debug|x86
		{9DD9E1DE-6C28-4968-95E8-6190EF762F17}.Release|Any CPU.ActiveCfg = Release|Any CPU
		{9DD9E1DE-6C28-4968-95E8-6190EF762F17}.Release|Any CPU.Build.0 = Release|Any CPU
		{9DD9E1DE-6C28-4968-95E8-6190EF762F17}.Release|x86.ActiveCfg = Release|x86
		{9DD9E1DE-6C28-4968-95E8-6190EF762F17}.Release|x86.Build.0 = Release|x86
		{DCAE9213-8C2C-4B8A-A5F1-E8558789BFFD}.Debug|Any CPU.ActiveCfg = Debug|Any CPU
		{DCAE9213-8C2C-4B8A-A5F1-E8558789BFFD}.Debug|Any CPU.Build.0 = Debug|Any CPU
		{DCAE9213-8C2C-4B8A-A5F1-E8558789BFFD}.Debug|x86.ActiveCfg = Debug|x86
		{DCAE9213-8C2C-4B8A-A5F1-E8558789BFFD}.Debug|x86.Build.0 = Debug|x86
		{DCAE9213-8C2C-4B8A-A5F1-E8558789BFFD}.Release|Any CPU.ActiveCfg = Release|Any CPU
		{DCAE9213-8C2C-4B8A-A5F1-E8558789BFFD}.Release|Any CPU.Build.0 = Release|Any CPU
		{DCAE9213-8C2C-4B8A-A5F1-E8558789BFFD}.Release|x86.ActiveCfg = Release|x86
		{DCAE9213-8C2C-4B8A-A5F1-E8558789BFFD}.Release|x86.Build.0 = Release|x86
		{F9432DDC-E786-44E2-BE57-2EFEF31D6E60}.Debug|Any CPU.ActiveCfg = Debug|Any CPU
		{F9432DDC-E786-44E2-BE57-2EFEF31D6E60}.Debug|Any CPU.Build.0 = Debug|Any CPU
		{F9432DDC-E786-44E2-BE57-2EFEF31D6E60}.Debug|x86.ActiveCfg = Debug|x86
		{F9432DDC-E786-44E2-BE57-2EFEF31D6E60}.Debug|x86.Build.0 = Debug|x86
		{F9432DDC-E786-44E2-BE57-2EFEF31D6E60}.Release|Any CPU.ActiveCfg = Release|Any CPU
		{F9432DDC-E786-44E2-BE57-2EFEF31D6E60}.Release|Any CPU.Build.0 = Release|Any CPU
		{F9432DDC-E786-44E2-BE57-2EFEF31D6E60}.Release|x86.ActiveCfg = Release|x86
		{F9432DDC-E786-44E2-BE57-2EFEF31D6E60}.Release|x86.Build.0 = Release|x86
		{7D636683-0C5F-4341-8D32-7CA6E3E5008B}.Debug|Any CPU.ActiveCfg = Debug|Any CPU
		{7D636683-0C5F-4341-8D32-7CA6E3E5008B}.Debug|Any CPU.Build.0 = Debug|Any CPU
		{7D636683-0C5F-4341-8D32-7CA6E3E5008B}.Debug|x86.ActiveCfg = Debug|x86
		{7D636683-0C5F-4341-8D32-7CA6E3E5008B}.Debug|x86.Build.0 = Debug|x86
		{7D636683-0C5F-4341-8D32-7CA6E3E5008B}.Release|Any CPU.ActiveCfg = Release|Any CPU
		{7D636683-0C5F-4341-8D32-7CA6E3E5008B}.Release|Any CPU.Build.0 = Release|Any CPU
		{7D636683-0C5F-4341-8D32-7CA6E3E5008B}.Release|x86.ActiveCfg = Release|x86
		{7D636683-0C5F-4341-8D32-7CA6E3E5008B}.Release|x86.Build.0 = Release|x86
		{5279ED25-3162-4309-BB81-B8D1BBFD1BDF}.Debug|Any CPU.ActiveCfg = Debug|Any CPU
		{5279ED25-3162-4309-BB81-B8D1BBFD1BDF}.Debug|Any CPU.Build.0 = Debug|Any CPU
		{5279ED25-3162-4309-BB81-B8D1BBFD1BDF}.Debug|x86.ActiveCfg = Debug|x86
		{5279ED25-3162-4309-BB81-B8D1BBFD1BDF}.Debug|x86.Build.0 = Debug|x86
		{5279ED25-3162-4309-BB81-B8D1BBFD1BDF}.Release|Any CPU.ActiveCfg = Release|Any CPU
		{5279ED25-3162-4309-BB81-B8D1BBFD1BDF}.Release|Any CPU.Build.0 = Release|Any CPU
		{5279ED25-3162-4309-BB81-B8D1BBFD1BDF}.Release|x86.ActiveCfg = Release|x86
		{5279ED25-3162-4309-BB81-B8D1BBFD1BDF}.Release|x86.Build.0 = Release|x86
		{500A8FE9-148F-424C-8F75-7D3742A2BFDC}.Debug|Any CPU.ActiveCfg = Debug|Any CPU
		{500A8FE9-148F-424C-8F75-7D3742A2BFDC}.Debug|Any CPU.Build.0 = Debug|Any CPU
		{500A8FE9-148F-424C-8F75-7D3742A2BFDC}.Debug|x86.ActiveCfg = Debug|x86
		{500A8FE9-148F-424C-8F75-7D3742A2BFDC}.Debug|x86.Build.0 = Debug|x86
		{500A8FE9-148F-424C-8F75-7D3742A2BFDC}.Release|Any CPU.ActiveCfg = Release|Any CPU
		{500A8FE9-148F-424C-8F75-7D3742A2BFDC}.Release|Any CPU.Build.0 = Release|Any CPU
		{500A8FE9-148F-424C-8F75-7D3742A2BFDC}.Release|x86.ActiveCfg = Release|x86
		{500A8FE9-148F-424C-8F75-7D3742A2BFDC}.Release|x86.Build.0 = Release|x86
		{5918AC10-C0F9-4616-97A2-0EF266586C93}.Debug|Any CPU.ActiveCfg = Debug|Any CPU
		{5918AC10-C0F9-4616-97A2-0EF266586C93}.Debug|Any CPU.Build.0 = Debug|Any CPU
		{5918AC10-C0F9-4616-97A2-0EF266586C93}.Debug|x86.ActiveCfg = Debug|x86
		{5918AC10-C0F9-4616-97A2-0EF266586C93}.Debug|x86.Build.0 = Debug|x86
		{5918AC10-C0F9-4616-97A2-0EF266586C93}.Release|Any CPU.ActiveCfg = Release|Any CPU
		{5918AC10-C0F9-4616-97A2-0EF266586C93}.Release|Any CPU.Build.0 = Release|Any CPU
		{5918AC10-C0F9-4616-97A2-0EF266586C93}.Release|x86.ActiveCfg = Release|x86
		{5918AC10-C0F9-4616-97A2-0EF266586C93}.Release|x86.Build.0 = Release|x86
		{AB796CCA-69F4-45A7-8772-D4843C383F6E}.Debug|Any CPU.ActiveCfg = Debug|Any CPU
		{AB796CCA-69F4-45A7-8772-D4843C383F6E}.Debug|Any CPU.Build.0 = Debug|Any CPU
		{AB796CCA-69F4-45A7-8772-D4843C383F6E}.Debug|x86.ActiveCfg = Debug|x86
		{AB796CCA-69F4-45A7-8772-D4843C383F6E}.Debug|x86.Build.0 = Debug|x86
		{AB796CCA-69F4-45A7-8772-D4843C383F6E}.Release|Any CPU.ActiveCfg = Release|Any CPU
		{AB796CCA-69F4-45A7-8772-D4843C383F6E}.Release|Any CPU.Build.0 = Release|Any CPU
		{AB796CCA-69F4-45A7-8772-D4843C383F6E}.Release|x86.ActiveCfg = Release|x86
		{AB796CCA-69F4-45A7-8772-D4843C383F6E}.Release|x86.Build.0 = Release|x86
		{5CFFDEDF-4A14-41F3-8FC2-CAF17E55ABD4}.Debug|Any CPU.ActiveCfg = Debug|Any CPU
		{5CFFDEDF-4A14-41F3-8FC2-CAF17E55ABD4}.Debug|Any CPU.Build.0 = Debug|Any CPU
		{5CFFDEDF-4A14-41F3-8FC2-CAF17E55ABD4}.Debug|x86.ActiveCfg = Debug|x86
		{5CFFDEDF-4A14-41F3-8FC2-CAF17E55ABD4}.Debug|x86.Build.0 = Debug|x86
		{5CFFDEDF-4A14-41F3-8FC2-CAF17E55ABD4}.Release|Any CPU.ActiveCfg = Release|Any CPU
		{5CFFDEDF-4A14-41F3-8FC2-CAF17E55ABD4}.Release|Any CPU.Build.0 = Release|Any CPU
		{5CFFDEDF-4A14-41F3-8FC2-CAF17E55ABD4}.Release|x86.ActiveCfg = Release|x86
		{5CFFDEDF-4A14-41F3-8FC2-CAF17E55ABD4}.Release|x86.Build.0 = Release|x86
		{466169F5-4D09-4AD4-8D4B-C3EB4DB64623}.Debug|Any CPU.ActiveCfg = Debug|Any CPU
		{466169F5-4D09-4AD4-8D4B-C3EB4DB64623}.Debug|Any CPU.Build.0 = Debug|Any CPU
		{466169F5-4D09-4AD4-8D4B-C3EB4DB64623}.Debug|x86.ActiveCfg = Debug|x86
		{466169F5-4D09-4AD4-8D4B-C3EB4DB64623}.Debug|x86.Build.0 = Debug|x86
		{466169F5-4D09-4AD4-8D4B-C3EB4DB64623}.Release|Any CPU.ActiveCfg = Release|Any CPU
		{466169F5-4D09-4AD4-8D4B-C3EB4DB64623}.Release|Any CPU.Build.0 = Release|Any CPU
		{466169F5-4D09-4AD4-8D4B-C3EB4DB64623}.Release|x86.ActiveCfg = Release|x86
		{466169F5-4D09-4AD4-8D4B-C3EB4DB64623}.Release|x86.Build.0 = Release|x86
		{926324F1-4A3C-43AB-BF78-57EC5A02DBF7}.Debug|Any CPU.ActiveCfg = Debug|Any CPU
		{926324F1-4A3C-43AB-BF78-57EC5A02DBF7}.Debug|Any CPU.Build.0 = Debug|Any CPU
		{926324F1-4A3C-43AB-BF78-57EC5A02DBF7}.Debug|x86.ActiveCfg = Debug|x86
		{926324F1-4A3C-43AB-BF78-57EC5A02DBF7}.Debug|x86.Build.0 = Debug|x86
		{926324F1-4A3C-43AB-BF78-57EC5A02DBF7}.Release|Any CPU.ActiveCfg = Release|Any CPU
		{926324F1-4A3C-43AB-BF78-57EC5A02DBF7}.Release|Any CPU.Build.0 = Release|Any CPU
		{926324F1-4A3C-43AB-BF78-57EC5A02DBF7}.Release|x86.ActiveCfg = Release|x86
		{926324F1-4A3C-43AB-BF78-57EC5A02DBF7}.Release|x86.Build.0 = Release|x86
		{6CE853D8-0D5F-40CD-80BA-B0E8E1E5606D}.Debug|Any CPU.ActiveCfg = Debug|Any CPU
		{6CE853D8-0D5F-40CD-80BA-B0E8E1E5606D}.Debug|Any CPU.Build.0 = Debug|Any CPU
		{6CE853D8-0D5F-40CD-80BA-B0E8E1E5606D}.Debug|x86.ActiveCfg = Debug|x86
		{6CE853D8-0D5F-40CD-80BA-B0E8E1E5606D}.Debug|x86.Build.0 = Debug|x86
		{6CE853D8-0D5F-40CD-80BA-B0E8E1E5606D}.Release|Any CPU.ActiveCfg = Release|Any CPU
		{6CE853D8-0D5F-40CD-80BA-B0E8E1E5606D}.Release|Any CPU.Build.0 = Release|Any CPU
		{6CE853D8-0D5F-40CD-80BA-B0E8E1E5606D}.Release|x86.ActiveCfg = Release|x86
		{6CE853D8-0D5F-40CD-80BA-B0E8E1E5606D}.Release|x86.Build.0 = Release|x86
		{F3B9EC4D-2E42-4E36-AC22-E5E83FD0EFE6}.Debug|Any CPU.ActiveCfg = Debug|Any CPU
		{F3B9EC4D-2E42-4E36-AC22-E5E83FD0EFE6}.Debug|Any CPU.Build.0 = Debug|Any CPU
		{F3B9EC4D-2E42-4E36-AC22-E5E83FD0EFE6}.Debug|x86.ActiveCfg = Debug|x86
		{F3B9EC4D-2E42-4E36-AC22-E5E83FD0EFE6}.Debug|x86.Build.0 = Debug|x86
		{F3B9EC4D-2E42-4E36-AC22-E5E83FD0EFE6}.Release|Any CPU.ActiveCfg = Release|Any CPU
		{F3B9EC4D-2E42-4E36-AC22-E5E83FD0EFE6}.Release|Any CPU.Build.0 = Release|Any CPU
		{F3B9EC4D-2E42-4E36-AC22-E5E83FD0EFE6}.Release|x86.ActiveCfg = Release|x86
		{F3B9EC4D-2E42-4E36-AC22-E5E83FD0EFE6}.Release|x86.Build.0 = Release|x86
	EndGlobalSection
	GlobalSection(SolutionProperties) = preSolution
		HideSolutionNode = FALSE
	EndGlobalSection
	GlobalSection(ExtensibilityGlobals) = postSolution
		SolutionGuid = {AE41B59E-6FAA-470B-AD68-FADB2D93E2D2}
	EndGlobalSection
EndGlobal
